
Microsoft Visual Studio Solution File, Format Version 12.00
# Visual Studio Version 16
VisualStudioVersion = 16.0.30709.132
MinimumVisualStudioVersion = 10.0.40219.1
Project("{9A19103F-16F7-4668-BE54-9A1E7A4F7556}") = "PdfSorter", "PdfSorter.csproj", "{BA939DF5-4C52-4DB0-BCF8-2887A2B9787F}"
EndProject
Global
	GlobalSection(SolutionConfigurationPlatforms) = preSolution
		Debug|Any CPU = Debug|Any CPU
		Release|Any CPU = Release|Any CPU
	EndGlobalSection
	GlobalSection(ProjectConfigurationPlatforms) = postSolution
		{BA939DF5-4C52-4DB0-BCF8-2887A2B9787F}.Debug|Any CPU.ActiveCfg = Debug|Any CPU
		{BA939DF5-4C52-4DB0-BCF8-2887A2B9787F}.Debug|Any CPU.Build.0 = Debug|Any CPU
		{BA939DF5-4C52-4DB0-BCF8-2887A2B9787F}.Release|Any CPU.ActiveCfg = Release|Any CPU
		{BA939DF5-4C52-4DB0-BCF8-2887A2B9787F}.Release|Any CPU.Build.0 = Release|Any CPU
	EndGlobalSection
	GlobalSection(SolutionProperties) = preSolution
		HideSolutionNode = FALSE
	EndGlobalSection
	GlobalSection(ExtensibilityGlobals) = postSolution
		SolutionGuid = {24B84D76-739C-483D-BE45-13150B6A27EF}
	EndGlobalSection
EndGlobal
